// !$*UTF8*$!
{
	archiveVersion = 1;
	classes = {
	};
	objectVersion = 77;
	objects = {

/* Begin PBXBuildFile section */
		1418DDB92E3E542300191417 /* CartUIDI in Frameworks */ = {isa = PBXBuildFile; productRef = 1418DDB82E3E542300191417 /* CartUIDI */; };
		1418DDBB2E3E542300191417 /* HomeUIDI in Frameworks */ = {isa = PBXBuildFile; productRef = 1418DDBA2E3E542300191417 /* HomeUIDI */; };
		1418DDBD2E3E542300191417 /* LoginUIDI in Frameworks */ = {isa = PBXBuildFile; productRef = 1418DDBC2E3E542300191417 /* LoginUIDI */; };
		1418DDBF2E3E542300191417 /* UserDI in Frameworks */ = {isa = PBXBuildFile; productRef = 1418DDBE2E3E542300191417 /* UserDI */; };
		1418DDC12E3E542300191417 /* WishlistUIDI in Frameworks */ = {isa = PBXBuildFile; productRef = 1418DDC02E3E542300191417 /* WishlistUIDI */; };
/* End PBXBuildFile section */

/* Begin PBXContainerItemProxy section */
		1418DD7B2E3E53DE00191417 /* PBXContainerItemProxy */ = {
			isa = PBXContainerItemProxy;
			containerPortal = 1485C9A02E29746D0006933B /* Project object */;
			proxyType = 1;
			remoteGlobalIDString = 1418DD6D2E3E53DC00191417;
			remoteInfo = iPhone;
		};
		1418DD852E3E53DE00191417 /* PBXContainerItemProxy */ = {
			isa = PBXContainerItemProxy;
			containerPortal = 1485C9A02E29746D0006933B /* Project object */;
			proxyType = 1;
			remoteGlobalIDString = 1418DD6D2E3E53DC00191417;
			remoteInfo = iPhone;
		};
/* End PBXContainerItemProxy section */

/* Begin PBXFileReference section */
		1418DD6E2E3E53DC00191417 /* iPhone.app */ = {isa = PBXFileReference; explicitFileType = wrapper.application; includeInIndex = 0; path = iPhone.app; sourceTree = BUILT_PRODUCTS_DIR; };
		1418DD7A2E3E53DE00191417 /* iPhoneTests.xctest */ = {isa = PBXFileReference; explicitFileType = wrapper.cfbundle; includeInIndex = 0; path = iPhoneTests.xctest; sourceTree = BUILT_PRODUCTS_DIR; };
		1418DD842E3E53DE00191417 /* iPhoneUITests.xctest */ = {isa = PBXFileReference; explicitFileType = wrapper.cfbundle; includeInIndex = 0; path = iPhoneUITests.xctest; sourceTree = BUILT_PRODUCTS_DIR; };
		144CCA472E2BABC100899DD3 /* CartUI */ = {isa = PBXFileReference; lastKnownFileType = wrapper; path = CartUI; sourceTree = "<group>"; };
		144CCA482E2BABC100899DD3 /* HomeUI */ = {isa = PBXFileReference; lastKnownFileType = wrapper; path = HomeUI; sourceTree = "<group>"; };
		144CCA492E2BABC100899DD3 /* LoginUI */ = {isa = PBXFileReference; lastKnownFileType = wrapper; path = LoginUI; sourceTree = "<group>"; };
		144CCA4A2E2BABC100899DD3 /* User */ = {isa = PBXFileReference; lastKnownFileType = wrapper; path = User; sourceTree = "<group>"; };
		144CCA4B2E2BABC100899DD3 /* WishlistUI */ = {isa = PBXFileReference; lastKnownFileType = wrapper; path = WishlistUI; sourceTree = "<group>"; };
/* End PBXFileReference section */

/* Begin PBXFileSystemSynchronizedRootGroup section */
		1418DD6F2E3E53DC00191417 /* iPhone */ = {
			isa = PBXFileSystemSynchronizedRootGroup;
			path = iPhone;
			sourceTree = "<group>";
		};
		1418DD7D2E3E53DE00191417 /* iPhoneTests */ = {
			isa = PBXFileSystemSynchronizedRootGroup;
			path = iPhoneTests;
			sourceTree = "<group>";
		};
		1418DD872E3E53DE00191417 /* iPhoneUITests */ = {
			isa = PBXFileSystemSynchronizedRootGroup;
			path = iPhoneUITests;
			sourceTree = "<group>";
		};
/* End PBXFileSystemSynchronizedRootGroup section */

/* Begin PBXFrameworksBuildPhase section */
		1418DD6B2E3E53DC00191417 /* Frameworks */ = {
			isa = PBXFrameworksBuildPhase;
			buildActionMask = 2147483647;
			files = (
				1418DDBB2E3E542300191417 /* HomeUIDI in Frameworks */,
				1418DDC12E3E542300191417 /* WishlistUIDI in Frameworks */,
				1418DDB92E3E542300191417 /* CartUIDI in Frameworks */,
				1418DDBF2E3E542300191417 /* UserDI in Frameworks */,
				1418DDBD2E3E542300191417 /* LoginUIDI in Frameworks */,
			);
			runOnlyForDeploymentPostprocessing = 0;
		};
		1418DD772E3E53DE00191417 /* Frameworks */ = {
			isa = PBXFrameworksBuildPhase;
			buildActionMask = 2147483647;
			files = (
			);
			runOnlyForDeploymentPostprocessing = 0;
		};
		1418DD812E3E53DE00191417 /* Frameworks */ = {
			isa = PBXFrameworksBuildPhase;
			buildActionMask = 2147483647;
			files = (
			);
			runOnlyForDeploymentPostprocessing = 0;
		};
/* End PBXFrameworksBuildPhase section */

/* Begin PBXGroup section */
		1485C99F2E29746D0006933B = {
			isa = PBXGroup;
			children = (
				144CCA472E2BABC100899DD3 /* CartUI */,
				144CCA482E2BABC100899DD3 /* HomeUI */,
				144CCA492E2BABC100899DD3 /* LoginUI */,
				144CCA4A2E2BABC100899DD3 /* User */,
				144CCA4B2E2BABC100899DD3 /* WishlistUI */,
				1418DD6F2E3E53DC00191417 /* iPhone */,
				1418DD7D2E3E53DE00191417 /* iPhoneTests */,
				1418DD872E3E53DE00191417 /* iPhoneUITests */,
				1485C9A92E29746D0006933B /* Products */,
			);
			sourceTree = "<group>";
		};
		1485C9A92E29746D0006933B /* Products */ = {
			isa = PBXGroup;
			children = (
				1418DD6E2E3E53DC00191417 /* iPhone.app */,
				1418DD7A2E3E53DE00191417 /* iPhoneTests.xctest */,
				1418DD842E3E53DE00191417 /* iPhoneUITests.xctest */,
			);
			name = Products;
			sourceTree = "<group>";
		};
/* End PBXGroup section */

/* Begin PBXNativeTarget section */
		1418DD6D2E3E53DC00191417 /* iPhone */ = {
			isa = PBXNativeTarget;
			buildConfigurationList = 1418DD8C2E3E53DE00191417 /* Build configuration list for PBXNativeTarget "iPhone" */;
			buildPhases = (
				1418DD6A2E3E53DC00191417 /* Sources */,
				1418DD6B2E3E53DC00191417 /* Frameworks */,
				1418DD6C2E3E53DC00191417 /* Resources */,
			);
			buildRules = (
			);
			dependencies = (
			);
			fileSystemSynchronizedGroups = (
				1418DD6F2E3E53DC00191417 /* iPhone */,
			);
			name = iPhone;
			packageProductDependencies = (
				1418DDB82E3E542300191417 /* CartUIDI */,
				1418DDBA2E3E542300191417 /* HomeUIDI */,
				1418DDBC2E3E542300191417 /* LoginUIDI */,
				1418DDBE2E3E542300191417 /* UserDI */,
				1418DDC02E3E542300191417 /* WishlistUIDI */,
			);
			productName = iPhone;
			productReference = 1418DD6E2E3E53DC00191417 /* iPhone.app */;
			productType = "com.apple.product-type.application";
		};
		1418DD792E3E53DE00191417 /* iPhoneTests */ = {
			isa = PBXNativeTarget;
			buildConfigurationList = 1418DD8F2E3E53DE00191417 /* Build configuration list for PBXNativeTarget "iPhoneTests" */;
			buildPhases = (
				1418DD762E3E53DE00191417 /* Sources */,
				1418DD772E3E53DE00191417 /* Frameworks */,
				1418DD782E3E53DE00191417 /* Resources */,
			);
			buildRules = (
			);
			dependencies = (
				1418DD7C2E3E53DE00191417 /* PBXTargetDependency */,
			);
			fileSystemSynchronizedGroups = (
				1418DD7D2E3E53DE00191417 /* iPhoneTests */,
			);
			name = iPhoneTests;
			packageProductDependencies = (
			);
			productName = iPhoneTests;
			productReference = 1418DD7A2E3E53DE00191417 /* iPhoneTests.xctest */;
			productType = "com.apple.product-type.bundle.unit-test";
		};
		1418DD832E3E53DE00191417 /* iPhoneUITests */ = {
			isa = PBXNativeTarget;
			buildConfigurationList = 1418DD922E3E53DE00191417 /* Build configuration list for PBXNativeTarget "iPhoneUITests" */;
			buildPhases = (
				1418DD802E3E53DE00191417 /* Sources */,
				1418DD812E3E53DE00191417 /* Frameworks */,
				1418DD822E3E53DE00191417 /* Resources */,
			);
			buildRules = (
			);
			dependencies = (
				1418DD862E3E53DE00191417 /* PBXTargetDependency */,
			);
			fileSystemSynchronizedGroups = (
				1418DD872E3E53DE00191417 /* iPhoneUITests */,
			);
			name = iPhoneUITests;
			packageProductDependencies = (
			);
			productName = iPhoneUITests;
			productReference = 1418DD842E3E53DE00191417 /* iPhoneUITests.xctest */;
			productType = "com.apple.product-type.bundle.ui-testing";
		};
/* End PBXNativeTarget section */

/* Begin PBXProject section */
		1485C9A02E29746D0006933B /* Project object */ = {
			isa = PBXProject;
			attributes = {
				BuildIndependentTargetsInParallel = 1;
				LastSwiftUpdateCheck = 2600;
				LastUpgradeCheck = 2600;
				TargetAttributes = {
					1418DD6D2E3E53DC00191417 = {
						CreatedOnToolsVersion = 26.0;
					};
					1418DD792E3E53DE00191417 = {
						CreatedOnToolsVersion = 26.0;
						TestTargetID = 1418DD6D2E3E53DC00191417;
					};
					1418DD832E3E53DE00191417 = {
						CreatedOnToolsVersion = 26.0;
						TestTargetID = 1418DD6D2E3E53DC00191417;
					};
				};
			};
			buildConfigurationList = 1485C9A32E29746D0006933B /* Build configuration list for PBXProject "CleanArchitecture" */;
			developmentRegion = en;
			hasScannedForEncodings = 0;
			knownRegions = (
				en,
				Base,
			);
			mainGroup = 1485C99F2E29746D0006933B;
			minimizedProjectReferenceProxies = 1;
			preferredProjectObjectVersion = 77;
			productRefGroup = 1485C9A92E29746D0006933B /* Products */;
			projectDirPath = "";
			projectRoot = "";
			targets = (
				1418DD6D2E3E53DC00191417 /* iPhone */,
				1418DD792E3E53DE00191417 /* iPhoneTests */,
				1418DD832E3E53DE00191417 /* iPhoneUITests */,
			);
		};
/* End PBXProject section */

/* Begin PBXResourcesBuildPhase section */
		1418DD6C2E3E53DC00191417 /* Resources */ = {
			isa = PBXResourcesBuildPhase;
			buildActionMask = 2147483647;
			files = (
			);
			runOnlyForDeploymentPostprocessing = 0;
		};
		1418DD782E3E53DE00191417 /* Resources */ = {
			isa = PBXResourcesBuildPhase;
			buildActionMask = 2147483647;
			files = (
			);
			runOnlyForDeploymentPostprocessing = 0;
		};
		1418DD822E3E53DE00191417 /* Resources */ = {
			isa = PBXResourcesBuildPhase;
			buildActionMask = 2147483647;
			files = (
			);
			runOnlyForDeploymentPostprocessing = 0;
		};
/* End PBXResourcesBuildPhase section */

/* Begin PBXSourcesBuildPhase section */
		1418DD6A2E3E53DC00191417 /* Sources */ = {
			isa = PBXSourcesBuildPhase;
			buildActionMask = 2147483647;
			files = (
			);
			runOnlyForDeploymentPostprocessing = 0;
		};
		1418DD762E3E53DE00191417 /* Sources */ = {
			isa = PBXSourcesBuildPhase;
			buildActionMask = 2147483647;
			files = (
			);
			runOnlyForDeploymentPostprocessing = 0;
		};
		1418DD802E3E53DE00191417 /* Sources */ = {
			isa = PBXSourcesBuildPhase;
			buildActionMask = 2147483647;
			files = (
			);
			runOnlyForDeploymentPostprocessing = 0;
		};
/* End PBXSourcesBuildPhase section */

/* Begin PBXTargetDependency section */
		1418DD7C2E3E53DE00191417 /* PBXTargetDependency */ = {
			isa = PBXTargetDependency;
			target = 1418DD6D2E3E53DC00191417 /* iPhone */;
			targetProxy = 1418DD7B2E3E53DE00191417 /* PBXContainerItemProxy */;
		};
		1418DD862E3E53DE00191417 /* PBXTargetDependency */ = {
			isa = PBXTargetDependency;
			target = 1418DD6D2E3E53DC00191417 /* iPhone */;
			targetProxy = 1418DD852E3E53DE00191417 /* PBXContainerItemProxy */;
		};
/* End PBXTargetDependency section */

/* Begin XCBuildConfiguration section */
		1418DD8D2E3E53DE00191417 /* Debug */ = {
			isa = XCBuildConfiguration;
			buildSettings = {
				ASSETCATALOG_COMPILER_APPICON_NAME = AppIcon;
				ASSETCATALOG_COMPILER_GLOBAL_ACCENT_COLOR_NAME = AccentColor;
				CODE_SIGN_STYLE = Automatic;
				CURRENT_PROJECT_VERSION = 1;
				ENABLE_PREVIEWS = YES;
				GENERATE_INFOPLIST_FILE = YES;
				INFOPLIST_KEY_CFBundleDisplayName = Example;
				INFOPLIST_KEY_LSApplicationCategoryType = "public.app-category.education";
				INFOPLIST_KEY_UIApplicationSceneManifest_Generation = YES;
				INFOPLIST_KEY_UIApplicationSupportsIndirectInputEvents = YES;
				INFOPLIST_KEY_UILaunchScreen_Generation = YES;
				INFOPLIST_KEY_UISupportedInterfaceOrientations_iPad = "UIInterfaceOrientationPortrait UIInterfaceOrientationPortraitUpsideDown UIInterfaceOrientationLandscapeLeft UIInterfaceOrientationLandscapeRight";
				INFOPLIST_KEY_UISupportedInterfaceOrientations_iPhone = "UIInterfaceOrientationPortrait UIInterfaceOrientationLandscapeLeft UIInterfaceOrientationLandscapeRight";
				IPHONEOS_DEPLOYMENT_TARGET = 26.0;
				LD_RUNPATH_SEARCH_PATHS = (
					"$(inherited)",
					"@executable_path/Frameworks",
				);
				MARKETING_VERSION = 1.0;
				PRODUCT_BUNDLE_IDENTIFIER = io.flixly.iPhone;
				PRODUCT_NAME = "$(TARGET_NAME)";
				SDKROOT = iphoneos;
				STRING_CATALOG_GENERATE_SYMBOLS = YES;
				SWIFT_APPROACHABLE_CONCURRENCY = YES;
				SWIFT_DEFAULT_ACTOR_ISOLATION = MainActor;
				SWIFT_EMIT_LOC_STRINGS = YES;
				SWIFT_UPCOMING_FEATURE_MEMBER_IMPORT_VISIBILITY = YES;
				SWIFT_VERSION = 5.0;
				TARGETED_DEVICE_FAMILY = "1,2";
			};
			name = Debug;
		};
		1418DD8E2E3E53DE00191417 /* Release */ = {
			isa = XCBuildConfiguration;
			buildSettings = {
				ASSETCATALOG_COMPILER_APPICON_NAME = AppIcon;
				ASSETCATALOG_COMPILER_GLOBAL_ACCENT_COLOR_NAME = AccentColor;
				CODE_SIGN_STYLE = Automatic;
				CURRENT_PROJECT_VERSION = 1;
				ENABLE_PREVIEWS = YES;
				GENERATE_INFOPLIST_FILE = YES;
				INFOPLIST_KEY_CFBundleDisplayName = Example;
				INFOPLIST_KEY_LSApplicationCategoryType = "public.app-category.education";
				INFOPLIST_KEY_UIApplicationSceneManifest_Generation = YES;
				INFOPLIST_KEY_UIApplicationSupportsIndirectInputEvents = YES;
				INFOPLIST_KEY_UILaunchScreen_Generation = YES;
				INFOPLIST_KEY_UISupportedInterfaceOrientations_iPad = "UIInterfaceOrientationPortrait UIInterfaceOrientationPortraitUpsideDown UIInterfaceOrientationLandscapeLeft UIInterfaceOrientationLandscapeRight";
				INFOPLIST_KEY_UISupportedInterfaceOrientations_iPhone = "UIInterfaceOrientationPortrait UIInterfaceOrientationLandscapeLeft UIInterfaceOrientationLandscapeRight";
				IPHONEOS_DEPLOYMENT_TARGET = 26.0;
				LD_RUNPATH_SEARCH_PATHS = (
					"$(inherited)",
					"@executable_path/Frameworks",
				);
				MARKETING_VERSION = 1.0;
				PRODUCT_BUNDLE_IDENTIFIER = io.flixly.iPhone;
				PRODUCT_NAME = "$(TARGET_NAME)";
				SDKROOT = iphoneos;
				STRING_CATALOG_GENERATE_SYMBOLS = YES;
				SWIFT_APPROACHABLE_CONCURRENCY = YES;
				SWIFT_DEFAULT_ACTOR_ISOLATION = MainActor;
				SWIFT_EMIT_LOC_STRINGS = YES;
				SWIFT_UPCOMING_FEATURE_MEMBER_IMPORT_VISIBILITY = YES;
				SWIFT_VERSION = 5.0;
				TARGETED_DEVICE_FAMILY = "1,2";
				VALIDATE_PRODUCT = YES;
			};
			name = Release;
		};
		1418DD902E3E53DE00191417 /* Debug */ = {
			isa = XCBuildConfiguration;
			buildSettings = {
				BUNDLE_LOADER = "$(TEST_HOST)";
				CODE_SIGN_STYLE = Automatic;
				CURRENT_PROJECT_VERSION = 1;
				GENERATE_INFOPLIST_FILE = YES;
				IPHONEOS_DEPLOYMENT_TARGET = 26.0;
				MARKETING_VERSION = 1.0;
				PRODUCT_BUNDLE_IDENTIFIER = io.flixly.iPhoneTests;
				PRODUCT_NAME = "$(TARGET_NAME)";
				SDKROOT = iphoneos;
				STRING_CATALOG_GENERATE_SYMBOLS = NO;
				SWIFT_APPROACHABLE_CONCURRENCY = YES;
				SWIFT_EMIT_LOC_STRINGS = NO;
				SWIFT_UPCOMING_FEATURE_MEMBER_IMPORT_VISIBILITY = YES;
				SWIFT_VERSION = 5.0;
				TARGETED_DEVICE_FAMILY = "1,2";
				TEST_HOST = "$(BUILT_PRODUCTS_DIR)/iPhone.app/$(BUNDLE_EXECUTABLE_FOLDER_PATH)/iPhone";
			};
			name = Debug;
		};
		1418DD912E3E53DE00191417 /* Release */ = {
			isa = XCBuildConfiguration;
			buildSettings = {
				BUNDLE_LOADER = "$(TEST_HOST)";
				CODE_SIGN_STYLE = Automatic;
				CURRENT_PROJECT_VERSION = 1;
				GENERATE_INFOPLIST_FILE = YES;
				IPHONEOS_DEPLOYMENT_TARGET = 26.0;
				MARKETING_VERSION = 1.0;
				PRODUCT_BUNDLE_IDENTIFIER = io.flixly.iPhoneTests;
				PRODUCT_NAME = "$(TARGET_NAME)";
				SDKROOT = iphoneos;
				STRING_CATALOG_GENERATE_SYMBOLS = NO;
				SWIFT_APPROACHABLE_CONCURRENCY = YES;
				SWIFT_EMIT_LOC_STRINGS = NO;
				SWIFT_UPCOMING_FEATURE_MEMBER_IMPORT_VISIBILITY = YES;
				SWIFT_VERSION = 5.0;
				TARGETED_DEVICE_FAMILY = "1,2";
				TEST_HOST = "$(BUILT_PRODUCTS_DIR)/iPhone.app/$(BUNDLE_EXECUTABLE_FOLDER_PATH)/iPhone";
				VALIDATE_PRODUCT = YES;
			};
			name = Release;
		};
		1418DD932E3E53DE00191417 /* Debug */ = {
			isa = XCBuildConfiguration;
			buildSettings = {
				CODE_SIGN_STYLE = Automatic;
				CURRENT_PROJECT_VERSION = 1;
				GENERATE_INFOPLIST_FILE = YES;
				IPHONEOS_DEPLOYMENT_TARGET = 26.0;
				MARKETING_VERSION = 1.0;
				PRODUCT_BUNDLE_IDENTIFIER = io.flixly.iPhoneUITests;
				PRODUCT_NAME = "$(TARGET_NAME)";
				SDKROOT = iphoneos;
				STRING_CATALOG_GENERATE_SYMBOLS = NO;
				SWIFT_APPROACHABLE_CONCURRENCY = YES;
				SWIFT_EMIT_LOC_STRINGS = NO;
				SWIFT_UPCOMING_FEATURE_MEMBER_IMPORT_VISIBILITY = YES;
				SWIFT_VERSION = 5.0;
				TARGETED_DEVICE_FAMILY = "1,2";
				TEST_TARGET_NAME = iPhone;
			};
			name = Debug;
		};
		1418DD942E3E53DE00191417 /* Release */ = {
			isa = XCBuildConfiguration;
			buildSettings = {
				CODE_SIGN_STYLE = Automatic;
				CURRENT_PROJECT_VERSION = 1;
				GENERATE_INFOPLIST_FILE = YES;
				IPHONEOS_DEPLOYMENT_TARGET = 26.0;
				MARKETING_VERSION = 1.0;
				PRODUCT_BUNDLE_IDENTIFIER = io.flixly.iPhoneUITests;
				PRODUCT_NAME = "$(TARGET_NAME)";
				SDKROOT = iphoneos;
				STRING_CATALOG_GENERATE_SYMBOLS = NO;
				SWIFT_APPROACHABLE_CONCURRENCY = YES;
				SWIFT_EMIT_LOC_STRINGS = NO;
				SWIFT_UPCOMING_FEATURE_MEMBER_IMPORT_VISIBILITY = YES;
				SWIFT_VERSION = 5.0;
				TARGETED_DEVICE_FAMILY = "1,2";
				TEST_TARGET_NAME = iPhone;
				VALIDATE_PRODUCT = YES;
			};
			name = Release;
		};
		1485C9C72E29746E0006933B /* Debug */ = {
			isa = XCBuildConfiguration;
			buildSettings = {
				ALWAYS_SEARCH_USER_PATHS = NO;
				ASSETCATALOG_COMPILER_GENERATE_SWIFT_ASSET_SYMBOL_EXTENSIONS = YES;
				CLANG_ANALYZER_NONNULL = YES;
				CLANG_ANALYZER_NUMBER_OBJECT_CONVERSION = YES_AGGRESSIVE;
				CLANG_CXX_LANGUAGE_STANDARD = "gnu++20";
				CLANG_ENABLE_MODULES = YES;
				CLANG_ENABLE_OBJC_ARC = YES;
				CLANG_ENABLE_OBJC_WEAK = YES;
				CLANG_WARN_BLOCK_CAPTURE_AUTORELEASING = YES;
				CLANG_WARN_BOOL_CONVERSION = YES;
				CLANG_WARN_COMMA = YES;
				CLANG_WARN_CONSTANT_CONVERSION = YES;
				CLANG_WARN_DEPRECATED_OBJC_IMPLEMENTATIONS = YES;
				CLANG_WARN_DIRECT_OBJC_ISA_USAGE = YES_ERROR;
				CLANG_WARN_DOCUMENTATION_COMMENTS = YES;
				CLANG_WARN_EMPTY_BODY = YES;
				CLANG_WARN_ENUM_CONVERSION = YES;
				CLANG_WARN_INFINITE_RECURSION = YES;
				CLANG_WARN_INT_CONVERSION = YES;
				CLANG_WARN_NON_LITERAL_NULL_CONVERSION = YES;
				CLANG_WARN_OBJC_IMPLICIT_RETAIN_SELF = YES;
				CLANG_WARN_OBJC_LITERAL_CONVERSION = YES;
				CLANG_WARN_OBJC_ROOT_CLASS = YES_ERROR;
				CLANG_WARN_QUOTED_INCLUDE_IN_FRAMEWORK_HEADER = YES;
				CLANG_WARN_RANGE_LOOP_ANALYSIS = YES;
				CLANG_WARN_STRICT_PROTOTYPES = YES;
				CLANG_WARN_SUSPICIOUS_MOVE = YES;
				CLANG_WARN_UNGUARDED_AVAILABILITY = YES_AGGRESSIVE;
				CLANG_WARN_UNREACHABLE_CODE = YES;
				CLANG_WARN__DUPLICATE_METHOD_MATCH = YES;
				COPY_PHASE_STRIP = NO;
				DEBUG_INFORMATION_FORMAT = dwarf;
				ENABLE_STRICT_OBJC_MSGSEND = YES;
				ENABLE_TESTABILITY = YES;
				ENABLE_USER_SCRIPT_SANDBOXING = YES;
				GCC_C_LANGUAGE_STANDARD = gnu17;
				GCC_DYNAMIC_NO_PIC = NO;
				GCC_NO_COMMON_BLOCKS = YES;
				GCC_OPTIMIZATION_LEVEL = 0;
				GCC_PREPROCESSOR_DEFINITIONS = (
					"DEBUG=1",
					"$(inherited)",
				);
				GCC_WARN_64_TO_32_BIT_CONVERSION = YES;
				GCC_WARN_ABOUT_RETURN_TYPE = YES_ERROR;
				GCC_WARN_UNDECLARED_SELECTOR = YES;
				GCC_WARN_UNINITIALIZED_AUTOS = YES_AGGRESSIVE;
				GCC_WARN_UNUSED_FUNCTION = YES;
				GCC_WARN_UNUSED_VARIABLE = YES;
				LOCALIZATION_PREFERS_STRING_CATALOGS = YES;
				MTL_ENABLE_DEBUG_INFO = INCLUDE_SOURCE;
				MTL_FAST_MATH = YES;
				ONLY_ACTIVE_ARCH = YES;
				SWIFT_ACTIVE_COMPILATION_CONDITIONS = "DEBUG $(inherited)";
				SWIFT_OPTIMIZATION_LEVEL = "-Onone";
			};
			name = Debug;
		};
		1485C9C82E29746E0006933B /* Release */ = {
			isa = XCBuildConfiguration;
			buildSettings = {
				ALWAYS_SEARCH_USER_PATHS = NO;
				ASSETCATALOG_COMPILER_GENERATE_SWIFT_ASSET_SYMBOL_EXTENSIONS = YES;
				CLANG_ANALYZER_NONNULL = YES;
				CLANG_ANALYZER_NUMBER_OBJECT_CONVERSION = YES_AGGRESSIVE;
				CLANG_CXX_LANGUAGE_STANDARD = "gnu++20";
				CLANG_ENABLE_MODULES = YES;
				CLANG_ENABLE_OBJC_ARC = YES;
				CLANG_ENABLE_OBJC_WEAK = YES;
				CLANG_WARN_BLOCK_CAPTURE_AUTORELEASING = YES;
				CLANG_WARN_BOOL_CONVERSION = YES;
				CLANG_WARN_COMMA = YES;
				CLANG_WARN_CONSTANT_CONVERSION = YES;
				CLANG_WARN_DEPRECATED_OBJC_IMPLEMENTATIONS = YES;
				CLANG_WARN_DIRECT_OBJC_ISA_USAGE = YES_ERROR;
				CLANG_WARN_DOCUMENTATION_COMMENTS = YES;
				CLANG_WARN_EMPTY_BODY = YES;
				CLANG_WARN_ENUM_CONVERSION = YES;
				CLANG_WARN_INFINITE_RECURSION = YES;
				CLANG_WARN_INT_CONVERSION = YES;
				CLANG_WARN_NON_LITERAL_NULL_CONVERSION = YES;
				CLANG_WARN_OBJC_IMPLICIT_RETAIN_SELF = YES;
				CLANG_WARN_OBJC_LITERAL_CONVERSION = YES;
				CLANG_WARN_OBJC_ROOT_CLASS = YES_ERROR;
				CLANG_WARN_QUOTED_INCLUDE_IN_FRAMEWORK_HEADER = YES;
				CLANG_WARN_RANGE_LOOP_ANALYSIS = YES;
				CLANG_WARN_STRICT_PROTOTYPES = YES;
				CLANG_WARN_SUSPICIOUS_MOVE = YES;
				CLANG_WARN_UNGUARDED_AVAILABILITY = YES_AGGRESSIVE;
				CLANG_WARN_UNREACHABLE_CODE = YES;
				CLANG_WARN__DUPLICATE_METHOD_MATCH = YES;
				COPY_PHASE_STRIP = NO;
				DEBUG_INFORMATION_FORMAT = "dwarf-with-dsym";
				ENABLE_NS_ASSERTIONS = NO;
				ENABLE_STRICT_OBJC_MSGSEND = YES;
				ENABLE_USER_SCRIPT_SANDBOXING = YES;
				GCC_C_LANGUAGE_STANDARD = gnu17;
				GCC_NO_COMMON_BLOCKS = YES;
				GCC_WARN_64_TO_32_BIT_CONVERSION = YES;
				GCC_WARN_ABOUT_RETURN_TYPE = YES_ERROR;
				GCC_WARN_UNDECLARED_SELECTOR = YES;
				GCC_WARN_UNINITIALIZED_AUTOS = YES_AGGRESSIVE;
				GCC_WARN_UNUSED_FUNCTION = YES;
				GCC_WARN_UNUSED_VARIABLE = YES;
				LOCALIZATION_PREFERS_STRING_CATALOGS = YES;
				MTL_ENABLE_DEBUG_INFO = NO;
				MTL_FAST_MATH = YES;
				SWIFT_COMPILATION_MODE = wholemodule;
			};
			name = Release;
		};
/* End XCBuildConfiguration section */

/* Begin XCConfigurationList section */
		1418DD8C2E3E53DE00191417 /* Build configuration list for PBXNativeTarget "iPhone" */ = {
			isa = XCConfigurationList;
			buildConfigurations = (
				1418DD8D2E3E53DE00191417 /* Debug */,
				1418DD8E2E3E53DE00191417 /* Release */,
			);
			defaultConfigurationIsVisible = 0;
			defaultConfigurationName = Release;
		};
		1418DD8F2E3E53DE00191417 /* Build configuration list for PBXNativeTarget "iPhoneTests" */ = {
			isa = XCConfigurationList;
			buildConfigurations = (
				1418DD902E3E53DE00191417 /* Debug */,
				1418DD912E3E53DE00191417 /* Release */,
			);
			defaultConfigurationIsVisible = 0;
			defaultConfigurationName = Release;
		};
		1418DD922E3E53DE00191417 /* Build configuration list for PBXNativeTarget "iPhoneUITests" */ = {
			isa = XCConfigurationList;
			buildConfigurations = (
				1418DD932E3E53DE00191417 /* Debug */,
				1418DD942E3E53DE00191417 /* Release */,
			);
			defaultConfigurationIsVisible = 0;
			defaultConfigurationName = Release;
		};
		1485C9A32E29746D0006933B /* Build configuration list for PBXProject "CleanArchitecture" */ = {
			isa = XCConfigurationList;
			buildConfigurations = (
				1485C9C72E29746E0006933B /* Debug */,
				1485C9C82E29746E0006933B /* Release */,
			);
			defaultConfigurationIsVisible = 0;
			defaultConfigurationName = Release;
		};
/* End XCConfigurationList section */

/* Begin XCSwiftPackageProductDependency section */
		1418DDB82E3E542300191417 /* CartUIDI */ = {
			isa = XCSwiftPackageProductDependency;
			productName = CartUIDI;
		};
		1418DDBA2E3E542300191417 /* HomeUIDI */ = {
			isa = XCSwiftPackageProductDependency;
			productName = HomeUIDI;
		};
		1418DDBC2E3E542300191417 /* LoginUIDI */ = {
			isa = XCSwiftPackageProductDependency;
			productName = LoginUIDI;
		};
		1418DDBE2E3E542300191417 /* UserDI */ = {
			isa = XCSwiftPackageProductDependency;
			productName = UserDI;
		};
		1418DDC02E3E542300191417 /* WishlistUIDI */ = {
			isa = XCSwiftPackageProductDependency;
			productName = WishlistUIDI;
		};
/* End XCSwiftPackageProductDependency section */
	};
	rootObject = 1485C9A02E29746D0006933B /* Project object */;
}
