// !$*UTF8*$!
{
	archiveVersion = 1;
	classes = {
	};
	objectVersion = 77;
	objects = {

/* Begin PBXBuildFile section */
		1418DDB92E3E542300191417 /* BagUIDI in Frameworks */ = {isa = PBXBuildFile; productRef = 1418DDB82E3E542300191417 /* BagUIDI */; };
		1418DDBB2E3E542300191417 /* HomeUIDI in Frameworks */ = {isa = PBXBuildFile; productRef = 1418DDBA2E3E542300191417 /* HomeUIDI */; };
		1418DDBD2E3E542300191417 /* AuthUIDI in Frameworks */ = {isa = PBXBuildFile; productRef = 1418DDBC2E3E542300191417 /* AuthUIDI */; };
		1418DDBF2E3E542300191417 /* SessionDI in Frameworks */ = {isa = PBXBuildFile; productRef = 1418DDBE2E3E542300191417 /* SessionDI */; };
		1418DDC12E3E542300191417 /* WishlistUIDI in Frameworks */ = {isa = PBXBuildFile; productRef = 1418DDC02E3E542300191417 /* WishlistUIDI */; };
		2A7AD030AB0C5D47D98AE192 /* Networking in Frameworks */ = {isa = PBXBuildFile; productRef = 905C6EC5E3B21525CBD02EF9 /* Networking */; };
		5563A1BBC34EADA9E5BF613B /* SearchData in Frameworks */ = {isa = PBXBuildFile; productRef = 17E6FCA71FC7E5B3FCF60C12 /* SearchData */; };
		6D54B0B012238C4772C7879F /* AccountUIDI in Frameworks */ = {isa = PBXBuildFile; productRef = EDD9F67AA3E61BAD6139E5A7 /* AccountUIDI */; };
		9D7079D16B1262239E3D4564 /* SearchUIDI in Frameworks */ = {isa = PBXBuildFile; productRef = 9A079E2873908107AF3834BC /* SearchUIDI */; };
		BE81553773C1F601F3F14A6F /* ProductDI in Frameworks */ = {isa = PBXBuildFile; productRef = 91547A9FAB7827290BA768A3 /* ProductDI */; };
		C8D4AC912BD3E7E1CE4D20C3 /* SearchDI in Frameworks */ = {isa = PBXBuildFile; productRef = F120951C767491840AE8B42D /* SearchDI */; };
		CA6CC2CC18052FD3033712E3 /* SessionData in Frameworks */ = {isa = PBXBuildFile; productRef = 06C2BFF1093558BB589FD94A /* SessionData */; };
		F6BF47BD61ECFE742F92A22E /* ProductData in Frameworks */ = {isa = PBXBuildFile; productRef = 2C7A05B997C425E0F320291D /* ProductData */; };
		FADE000200000000000000A1 /* OnboardingUIDI in Frameworks */ = {isa = PBXBuildFile; productRef = FADE000200000000000000A2 /* OnboardingUIDI */; };
		FADE000300000000000000A1 /* ProductUIDI in Frameworks */ = {isa = PBXBuildFile; productRef = FADE000300000000000000A2 /* ProductUIDI */; };
		FADE000400000000000000A1 /* WishlistDI in Frameworks */ = {isa = PBXBuildFile; productRef = FADE000400000000000000A2 /* WishlistDI */; };
		FADE000500000000000000A1 /* AuthUI in Frameworks */ = {isa = PBXBuildFile; productRef = FADE000500000000000000A2 /* AuthUI */; };
		FADE000600000000000000A1 /* SnackbarUIDI in Frameworks */ = {isa = PBXBuildFile; productRef = FADE000600000000000000A2 /* SnackbarUIDI */; };
		FADE000700000000000000A1 /* SheetUIDI in Frameworks */ = {isa = PBXBuildFile; productRef = FADE000700000000000000A2 /* SheetUIDI */; };
		FADE000800000000000000A1 /* SnackbarUI in Frameworks */ = {isa = PBXBuildFile; productRef = FADE000800000000000000A2 /* SnackbarUI */; };
		FADE000900000000000000A1 /* SheetUI in Frameworks */ = {isa = PBXBuildFile; productRef = FADE000900000000000000A2 /* SheetUI */; };
		FADE001000000000000000A1 /* BagDI in Frameworks */ = {isa = PBXBuildFile; productRef = FADE001000000000000000A2 /* BagDI */; };
		FADE001100000000000000A1 /* SharedUIDI in Frameworks */ = {isa = PBXBuildFile; productRef = FADE001100000000000000A2 /* SharedUIDI */; };
/* End PBXBuildFile section */

/* Begin PBXContainerItemProxy section */
/* End PBXContainerItemProxy section */

/* Begin PBXFileReference section */
		1418DD6E2E3E53DC00191417 /* iPhone.app */ = {isa = PBXFileReference; explicitFileType = wrapper.application; includeInIndex = 0; path = iPhone.app; sourceTree = BUILT_PRODUCTS_DIR; };
/* End PBXFileReference section */

/* Begin PBXFileSystemSynchronizedRootGroup section */
		1418DD6F2E3E53DC00191417 /* iPhone */ = {
			isa = PBXFileSystemSynchronizedRootGroup;
			path = iPhone;
			sourceTree = "<group>";
		};
		1FC89AB1CC3D2995BE6DE363 /* Component */ = {
			isa = PBXFileSystemSynchronizedRootGroup;
			path = Component;
			sourceTree = "<group>";
		};
		31A26CEA486B92EE7335392A /* Library */ = {
			isa = PBXFileSystemSynchronizedRootGroup;
			path = Library;
			sourceTree = "<group>";
		};
		457FDC33EFC0F3BE9DAEC6B6 /* UI */ = {
			isa = PBXFileSystemSynchronizedRootGroup;
			path = UI;
			sourceTree = "<group>";
		};
/* End PBXFileSystemSynchronizedRootGroup section */

/* Begin PBXFrameworksBuildPhase section */
		1418DD6B2E3E53DC00191417 /* Frameworks */ = {
			isa = PBXFrameworksBuildPhase;
			buildActionMask = 2147483647;
			files = (
				1418DDBB2E3E542300191417 /* HomeUIDI in Frameworks */,
				1418DDC12E3E542300191417 /* WishlistUIDI in Frameworks */,
				1418DDB92E3E542300191417 /* BagUIDI in Frameworks */,
				1418DDBF2E3E542300191417 /* SessionDI in Frameworks */,
				1418DDBD2E3E542300191417 /* AuthUIDI in Frameworks */,
				BE81553773C1F601F3F14A6F /* ProductDI in Frameworks */,
				9D7079D16B1262239E3D4564 /* SearchUIDI in Frameworks */,
				6D54B0B012238C4772C7879F /* AccountUIDI in Frameworks */,
				C8D4AC912BD3E7E1CE4D20C3 /* SearchDI in Frameworks */,
				2A7AD030AB0C5D47D98AE192 /* Networking in Frameworks */,
				CA6CC2CC18052FD3033712E3 /* SessionData in Frameworks */,
				F6BF47BD61ECFE742F92A22E /* ProductData in Frameworks */,
				5563A1BBC34EADA9E5BF613B /* SearchData in Frameworks */,
				FADE000200000000000000A1 /* OnboardingUIDI in Frameworks */,
				FADE000300000000000000A1 /* ProductUIDI in Frameworks */,
				FADE000400000000000000A1 /* WishlistDI in Frameworks */,
				FADE000500000000000000A1 /* AuthUI in Frameworks */,
				FADE000600000000000000A1 /* SnackbarUIDI in Frameworks */,
				FADE000700000000000000A1 /* SheetUIDI in Frameworks */,
				FADE000800000000000000A1 /* SnackbarUI in Frameworks */,
				FADE000900000000000000A1 /* SheetUI in Frameworks */,
				FADE001000000000000000A1 /* BagDI in Frameworks */,
				FADE001100000000000000A1 /* SharedUIDI in Frameworks */,
			);
			runOnlyForDeploymentPostprocessing = 0;
		};
/* End PBXFrameworksBuildPhase section */

/* Begin PBXGroup section */
		1485C99F2E29746D0006933B = {
			isa = PBXGroup;
			children = (
				1FC89AB1CC3D2995BE6DE363 /* Component */,
				457FDC33EFC0F3BE9DAEC6B6 /* UI */,
				31A26CEA486B92EE7335392A /* Library */,
				1418DD6F2E3E53DC00191417 /* iPhone */,
				1485C9A92E29746D0006933B /* Products */,
			);
			sourceTree = "<group>";
		};
		1485C9A92E29746D0006933B /* Products */ = {
			isa = PBXGroup;
			children = (
				1418DD6E2E3E53DC00191417 /* iPhone.app */,
			);
			name = Products;
			sourceTree = "<group>";
		};
/* End PBXGroup section */

/* Begin PBXNativeTarget section */
		1418DD6D2E3E53DC00191417 /* iPhone */ = {
			isa = PBXNativeTarget;
			buildConfigurationList = 1418DD8C2E3E53DE00191417 /* Build configuration list for PBXNativeTarget "iPhone" */;
			buildPhases = (
				1418DD6A2E3E53DC00191417 /* Sources */,
				1418DD6B2E3E53DC00191417 /* Frameworks */,
				1418DD6C2E3E53DC00191417 /* Resources */,
			);
			buildRules = (
			);
			dependencies = (
			);
			fileSystemSynchronizedGroups = (
				1418DD6F2E3E53DC00191417 /* iPhone */,
			);
			name = iPhone;
			packageProductDependencies = (
				1418DDB82E3E542300191417 /* BagUIDI */,
				1418DDBA2E3E542300191417 /* HomeUIDI */,
				1418DDBC2E3E542300191417 /* AuthUIDI */,
				1418DDBE2E3E542300191417 /* SessionDI */,
				1418DDC02E3E542300191417 /* WishlistUIDI */,
				91547A9FAB7827290BA768A3 /* ProductDI */,
				9A079E2873908107AF3834BC /* SearchUIDI */,
				EDD9F67AA3E61BAD6139E5A7 /* AccountUIDI */,
				F120951C767491840AE8B42D /* SearchDI */,
				905C6EC5E3B21525CBD02EF9 /* Networking */,
				06C2BFF1093558BB589FD94A /* SessionData */,
				2C7A05B997C425E0F320291D /* ProductData */,
				17E6FCA71FC7E5B3FCF60C12 /* SearchData */,
				FADE000200000000000000A2 /* OnboardingUIDI */,
				FADE000300000000000000A2 /* ProductUIDI */,
				FADE000400000000000000A2 /* WishlistDI */,
				FADE000500000000000000A2 /* AuthUI */,
				FADE000600000000000000A2 /* SnackbarUIDI */,
				FADE000700000000000000A2 /* SheetUIDI */,
				FADE000800000000000000A2 /* SnackbarUI */,
				FADE000900000000000000A2 /* SheetUI */,
				FADE001000000000000000A2 /* BagDI */,
				FADE001100000000000000A2 /* SharedUIDI */,
			);
			productName = iPhone;
			productReference = 1418DD6E2E3E53DC00191417 /* iPhone.app */;
			productType = "com.apple.product-type.application";
		};
/* End PBXNativeTarget section */

/* Begin PBXProject section */
		1485C9A02E29746D0006933B /* Project object */ = {
			isa = PBXProject;
			attributes = {
				BuildIndependentTargetsInParallel = 1;
				LastSwiftUpdateCheck = 2600;
				LastUpgradeCheck = 2620;
				TargetAttributes = {
					1418DD6D2E3E53DC00191417 = {
						CreatedOnToolsVersion = 26.0;
					};
				};
			};
			buildConfigurationList = 1485C9A32E29746D0006933B /* Build configuration list for PBXProject "CleanArchitecture" */;
			developmentRegion = en;
			hasScannedForEncodings = 0;
			knownRegions = (
				en,
				Base,
			);
			mainGroup = 1485C99F2E29746D0006933B;
			minimizedProjectReferenceProxies = 1;
			preferredProjectObjectVersion = 77;
			productRefGroup = 1485C9A92E29746D0006933B /* Products */;
			projectDirPath = "";
			projectRoot = "";
			targets = (
				1418DD6D2E3E53DC00191417 /* iPhone */,
			);
		};
/* End PBXProject section */

/* Begin PBXResourcesBuildPhase section */
		1418DD6C2E3E53DC00191417 /* Resources */ = {
			isa = PBXResourcesBuildPhase;
			buildActionMask = 2147483647;
			files = (
			);
			runOnlyForDeploymentPostprocessing = 0;
		};
/* End PBXResourcesBuildPhase section */

/* Begin PBXSourcesBuildPhase section */
		1418DD6A2E3E53DC00191417 /* Sources */ = {
			isa = PBXSourcesBuildPhase;
			buildActionMask = 2147483647;
			files = (
			);
			runOnlyForDeploymentPostprocessing = 0;
		};
/* End PBXSourcesBuildPhase section */

/* Begin PBXTargetDependency section */
/* End PBXTargetDependency section */

/* Begin XCBuildConfiguration section */
		1418DD8D2E3E53DE00191417 /* Debug */ = {
			isa = XCBuildConfiguration;
			buildSettings = {
				ASSETCATALOG_COMPILER_APPICON_NAME = AppIcon;
				ASSETCATALOG_COMPILER_GLOBAL_ACCENT_COLOR_NAME = AccentColor;
				CODE_SIGN_IDENTITY = "Apple Development";
				CODE_SIGN_STYLE = Automatic;
				CURRENT_PROJECT_VERSION = 1;
				DEVELOPMENT_TEAM = 9B2U3UUSPX;
				ENABLE_PREVIEWS = YES;
				GENERATE_INFOPLIST_FILE = YES;
				INFOPLIST_KEY_CFBundleDisplayName = Example;
				INFOPLIST_KEY_LSApplicationCategoryType = "public.app-category.education";
				INFOPLIST_KEY_UIApplicationSceneManifest_Generation = YES;
				INFOPLIST_KEY_UIApplicationSupportsIndirectInputEvents = YES;
				INFOPLIST_KEY_UILaunchScreen_Generation = YES;
				INFOPLIST_KEY_UISupportedInterfaceOrientations_iPad = "UIInterfaceOrientationPortrait UIInterfaceOrientationPortraitUpsideDown UIInterfaceOrientationLandscapeLeft UIInterfaceOrientationLandscapeRight";
				INFOPLIST_KEY_UISupportedInterfaceOrientations_iPhone = "UIInterfaceOrientationPortrait UIInterfaceOrientationLandscapeLeft UIInterfaceOrientationLandscapeRight";
				IPHONEOS_DEPLOYMENT_TARGET = 26.0;
				LD_RUNPATH_SEARCH_PATHS = (
					"$(inherited)",
					"@executable_path/Frameworks",
				);
				MARKETING_VERSION = 1.0;
				PRODUCT_BUNDLE_IDENTIFIER = io.flixly.iPhone;
				PRODUCT_NAME = "$(TARGET_NAME)";
				PROVISIONING_PROFILE_SPECIFIER = "";
				SDKROOT = iphoneos;
				STRING_CATALOG_GENERATE_SYMBOLS = YES;
				SWIFT_APPROACHABLE_CONCURRENCY = YES;
				SWIFT_DEFAULT_ACTOR_ISOLATION = MainActor;
				SWIFT_EMIT_LOC_STRINGS = YES;
				SWIFT_UPCOMING_FEATURE_MEMBER_IMPORT_VISIBILITY = YES;
				SWIFT_VERSION = 6.0;
				TARGETED_DEVICE_FAMILY = "1,2";
			};
			name = Debug;
		};
		1418DD8E2E3E53DE00191417 /* Release */ = {
			isa = XCBuildConfiguration;
			buildSettings = {
				ASSETCATALOG_COMPILER_APPICON_NAME = AppIcon;
				ASSETCATALOG_COMPILER_GLOBAL_ACCENT_COLOR_NAME = AccentColor;
				CODE_SIGN_IDENTITY = "Apple Development";
				CODE_SIGN_STYLE = Automatic;
				CURRENT_PROJECT_VERSION = 1;
				DEVELOPMENT_TEAM = 9B2U3UUSPX;
				ENABLE_PREVIEWS = YES;
				GENERATE_INFOPLIST_FILE = YES;
				INFOPLIST_KEY_CFBundleDisplayName = Example;
				INFOPLIST_KEY_LSApplicationCategoryType = "public.app-category.education";
				INFOPLIST_KEY_UIApplicationSceneManifest_Generation = YES;
				INFOPLIST_KEY_UIApplicationSupportsIndirectInputEvents = YES;
				INFOPLIST_KEY_UILaunchScreen_Generation = YES;
				INFOPLIST_KEY_UISupportedInterfaceOrientations_iPad = "UIInterfaceOrientationPortrait UIInterfaceOrientationPortraitUpsideDown UIInterfaceOrientationLandscapeLeft UIInterfaceOrientationLandscapeRight";
				INFOPLIST_KEY_UISupportedInterfaceOrientations_iPhone = "UIInterfaceOrientationPortrait UIInterfaceOrientationLandscapeLeft UIInterfaceOrientationLandscapeRight";
				IPHONEOS_DEPLOYMENT_TARGET = 26.0;
				LD_RUNPATH_SEARCH_PATHS = (
					"$(inherited)",
					"@executable_path/Frameworks",
				);
				MARKETING_VERSION = 1.0;
				PRODUCT_BUNDLE_IDENTIFIER = io.flixly.iPhone;
				PRODUCT_NAME = "$(TARGET_NAME)";
				PROVISIONING_PROFILE_SPECIFIER = "";
				SDKROOT = iphoneos;
				STRING_CATALOG_GENERATE_SYMBOLS = YES;
				SWIFT_APPROACHABLE_CONCURRENCY = YES;
				SWIFT_DEFAULT_ACTOR_ISOLATION = MainActor;
				SWIFT_EMIT_LOC_STRINGS = YES;
				SWIFT_UPCOMING_FEATURE_MEMBER_IMPORT_VISIBILITY = YES;
				SWIFT_VERSION = 6.0;
				TARGETED_DEVICE_FAMILY = "1,2";
				VALIDATE_PRODUCT = YES;
			};
			name = Release;
		};
		1485C9C72E29746E0006933B /* Debug */ = {
			isa = XCBuildConfiguration;
			buildSettings = {
				ALWAYS_SEARCH_USER_PATHS = NO;
				ASSETCATALOG_COMPILER_GENERATE_SWIFT_ASSET_SYMBOL_EXTENSIONS = YES;
				CLANG_ANALYZER_NONNULL = YES;
				CLANG_ANALYZER_NUMBER_OBJECT_CONVERSION = YES_AGGRESSIVE;
				CLANG_CXX_LANGUAGE_STANDARD = "gnu++20";
				CLANG_ENABLE_MODULES = YES;
				CLANG_ENABLE_OBJC_ARC = YES;
				CLANG_ENABLE_OBJC_WEAK = YES;
				CLANG_WARN_BLOCK_CAPTURE_AUTORELEASING = YES;
				CLANG_WARN_BOOL_CONVERSION = YES;
				CLANG_WARN_COMMA = YES;
				CLANG_WARN_CONSTANT_CONVERSION = YES;
				CLANG_WARN_DEPRECATED_OBJC_IMPLEMENTATIONS = YES;
				CLANG_WARN_DIRECT_OBJC_ISA_USAGE = YES_ERROR;
				CLANG_WARN_DOCUMENTATION_COMMENTS = YES;
				CLANG_WARN_EMPTY_BODY = YES;
				CLANG_WARN_ENUM_CONVERSION = YES;
				CLANG_WARN_INFINITE_RECURSION = YES;
				CLANG_WARN_INT_CONVERSION = YES;
				CLANG_WARN_NON_LITERAL_NULL_CONVERSION = YES;
				CLANG_WARN_OBJC_IMPLICIT_RETAIN_SELF = YES;
				CLANG_WARN_OBJC_LITERAL_CONVERSION = YES;
				CLANG_WARN_OBJC_ROOT_CLASS = YES_ERROR;
				CLANG_WARN_QUOTED_INCLUDE_IN_FRAMEWORK_HEADER = YES;
				CLANG_WARN_RANGE_LOOP_ANALYSIS = YES;
				CLANG_WARN_STRICT_PROTOTYPES = YES;
				CLANG_WARN_SUSPICIOUS_MOVE = YES;
				CLANG_WARN_UNGUARDED_AVAILABILITY = YES_AGGRESSIVE;
				CLANG_WARN_UNREACHABLE_CODE = YES;
				CLANG_WARN__DUPLICATE_METHOD_MATCH = YES;
				COPY_PHASE_STRIP = NO;
				DEAD_CODE_STRIPPING = YES;
				DEBUG_INFORMATION_FORMAT = dwarf;
				ENABLE_STRICT_OBJC_MSGSEND = YES;
				ENABLE_TESTABILITY = YES;
				ENABLE_USER_SCRIPT_SANDBOXING = YES;
				GCC_C_LANGUAGE_STANDARD = gnu17;
				GCC_DYNAMIC_NO_PIC = NO;
				GCC_NO_COMMON_BLOCKS = YES;
				GCC_OPTIMIZATION_LEVEL = 0;
				GCC_PREPROCESSOR_DEFINITIONS = (
					"DEBUG=1",
					"$(inherited)",
				);
				GCC_WARN_64_TO_32_BIT_CONVERSION = YES;
				GCC_WARN_ABOUT_RETURN_TYPE = YES_ERROR;
				GCC_WARN_UNDECLARED_SELECTOR = YES;
				GCC_WARN_UNINITIALIZED_AUTOS = YES_AGGRESSIVE;
				GCC_WARN_UNUSED_FUNCTION = YES;
				GCC_WARN_UNUSED_VARIABLE = YES;
				LOCALIZATION_PREFERS_STRING_CATALOGS = YES;
				MTL_ENABLE_DEBUG_INFO = INCLUDE_SOURCE;
				MTL_FAST_MATH = YES;
				ONLY_ACTIVE_ARCH = YES;
				STRING_CATALOG_GENERATE_SYMBOLS = YES;
				SWIFT_ACTIVE_COMPILATION_CONDITIONS = "DEBUG $(inherited)";
				SWIFT_OPTIMIZATION_LEVEL = "-Onone";
			};
			name = Debug;
		};
		1485C9C82E29746E0006933B /* Release */ = {
			isa = XCBuildConfiguration;
			buildSettings = {
				ALWAYS_SEARCH_USER_PATHS = NO;
				ASSETCATALOG_COMPILER_GENERATE_SWIFT_ASSET_SYMBOL_EXTENSIONS = YES;
				CLANG_ANALYZER_NONNULL = YES;
				CLANG_ANALYZER_NUMBER_OBJECT_CONVERSION = YES_AGGRESSIVE;
				CLANG_CXX_LANGUAGE_STANDARD = "gnu++20";
				CLANG_ENABLE_MODULES = YES;
				CLANG_ENABLE_OBJC_ARC = YES;
				CLANG_ENABLE_OBJC_WEAK = YES;
				CLANG_WARN_BLOCK_CAPTURE_AUTORELEASING = YES;
				CLANG_WARN_BOOL_CONVERSION = YES;
				CLANG_WARN_COMMA = YES;
				CLANG_WARN_CONSTANT_CONVERSION = YES;
				CLANG_WARN_DEPRECATED_OBJC_IMPLEMENTATIONS = YES;
				CLANG_WARN_DIRECT_OBJC_ISA_USAGE = YES_ERROR;
				CLANG_WARN_DOCUMENTATION_COMMENTS = YES;
				CLANG_WARN_EMPTY_BODY = YES;
				CLANG_WARN_ENUM_CONVERSION = YES;
				CLANG_WARN_INFINITE_RECURSION = YES;
				CLANG_WARN_INT_CONVERSION = YES;
				CLANG_WARN_NON_LITERAL_NULL_CONVERSION = YES;
				CLANG_WARN_OBJC_IMPLICIT_RETAIN_SELF = YES;
				CLANG_WARN_OBJC_LITERAL_CONVERSION = YES;
				CLANG_WARN_OBJC_ROOT_CLASS = YES_ERROR;
				CLANG_WARN_QUOTED_INCLUDE_IN_FRAMEWORK_HEADER = YES;
				CLANG_WARN_RANGE_LOOP_ANALYSIS = YES;
				CLANG_WARN_STRICT_PROTOTYPES = YES;
				CLANG_WARN_SUSPICIOUS_MOVE = YES;
				CLANG_WARN_UNGUARDED_AVAILABILITY = YES_AGGRESSIVE;
				CLANG_WARN_UNREACHABLE_CODE = YES;
				CLANG_WARN__DUPLICATE_METHOD_MATCH = YES;
				COPY_PHASE_STRIP = NO;
				DEAD_CODE_STRIPPING = YES;
				DEBUG_INFORMATION_FORMAT = "dwarf-with-dsym";
				ENABLE_NS_ASSERTIONS = NO;
				ENABLE_STRICT_OBJC_MSGSEND = YES;
				ENABLE_USER_SCRIPT_SANDBOXING = YES;
				GCC_C_LANGUAGE_STANDARD = gnu17;
				GCC_NO_COMMON_BLOCKS = YES;
				GCC_WARN_64_TO_32_BIT_CONVERSION = YES;
				GCC_WARN_ABOUT_RETURN_TYPE = YES_ERROR;
				GCC_WARN_UNDECLARED_SELECTOR = YES;
				GCC_WARN_UNINITIALIZED_AUTOS = YES_AGGRESSIVE;
				GCC_WARN_UNUSED_FUNCTION = YES;
				GCC_WARN_UNUSED_VARIABLE = YES;
				LOCALIZATION_PREFERS_STRING_CATALOGS = YES;
				MTL_ENABLE_DEBUG_INFO = NO;
				MTL_FAST_MATH = YES;
				STRING_CATALOG_GENERATE_SYMBOLS = YES;
				SWIFT_COMPILATION_MODE = wholemodule;
			};
			name = Release;
		};
/* End XCBuildConfiguration section */

/* Begin XCConfigurationList section */
		1418DD8C2E3E53DE00191417 /* Build configuration list for PBXNativeTarget "iPhone" */ = {
			isa = XCConfigurationList;
			buildConfigurations = (
				1418DD8D2E3E53DE00191417 /* Debug */,
				1418DD8E2E3E53DE00191417 /* Release */,
			);
			defaultConfigurationIsVisible = 0;
			defaultConfigurationName = Release;
		};
		1485C9A32E29746D0006933B /* Build configuration list for PBXProject "CleanArchitecture" */ = {
			isa = XCConfigurationList;
			buildConfigurations = (
				1485C9C72E29746E0006933B /* Debug */,
				1485C9C82E29746E0006933B /* Release */,
			);
			defaultConfigurationIsVisible = 0;
			defaultConfigurationName = Release;
		};
/* End XCConfigurationList section */

/* Begin XCLocalSwiftPackageReference section */
		0FAA662CC2D6046E9F887900 /* XCLocalSwiftPackageReference "Library/Networking" */ = {
			isa = XCLocalSwiftPackageReference;
			relativePath = Library/Networking;
		};
		3964D0A04B77D53557C402E9 /* XCLocalSwiftPackageReference "UI/AuthUI" */ = {
			isa = XCLocalSwiftPackageReference;
			relativePath = UI/AuthUI;
		};
		3D5E88E47E7DC20BEAD6BBC0 /* XCLocalSwiftPackageReference "Component/Session" */ = {
			isa = XCLocalSwiftPackageReference;
			relativePath = Component/Session;
		};
		3FD7B96A8B93ACD063C9157B /* XCLocalSwiftPackageReference "UI/WishlistUI" */ = {
			isa = XCLocalSwiftPackageReference;
			relativePath = UI/WishlistUI;
		};
		7361E6683DED41458D693D2E /* XCLocalSwiftPackageReference "Component/Product" */ = {
			isa = XCLocalSwiftPackageReference;
			relativePath = Component/Product;
		};
		8D80DA7DCD10C50973849D66 /* XCLocalSwiftPackageReference "Component/Search" */ = {
			isa = XCLocalSwiftPackageReference;
			relativePath = Component/Search;
		};
		A16D1462DE358801E4D2BE98 /* XCLocalSwiftPackageReference "UI/BagUI" */ = {
			isa = XCLocalSwiftPackageReference;
			relativePath = UI/BagUI;
		};
		A4BEB5340B5948D49132C5A1 /* XCLocalSwiftPackageReference "UI/AccountUI" */ = {
			isa = XCLocalSwiftPackageReference;
			relativePath = UI/AccountUI;
		};
		AE4238F360E27CEF2C732155 /* XCLocalSwiftPackageReference "UI/SearchUI" */ = {
			isa = XCLocalSwiftPackageReference;
			relativePath = UI/SearchUI;
		};
		D1D79B5F0EF3615CAADFABA0 /* XCLocalSwiftPackageReference "UI/HomeUI" */ = {
			isa = XCLocalSwiftPackageReference;
			relativePath = UI/HomeUI;
		};
		FADE000200000000000000B1 /* XCLocalSwiftPackageReference "UI/OnboardingUI" */ = {
			isa = XCLocalSwiftPackageReference;
			relativePath = UI/OnboardingUI;
		};
		FADE000300000000000000B1 /* XCLocalSwiftPackageReference "UI/ProductUI" */ = {
			isa = XCLocalSwiftPackageReference;
			relativePath = UI/ProductUI;
		};
		FADE000400000000000000B1 /* XCLocalSwiftPackageReference "Component/Wishlist" */ = {
			isa = XCLocalSwiftPackageReference;
			relativePath = Component/Wishlist;
		};
		FADE000600000000000000B1 /* XCLocalSwiftPackageReference "UI/SnackbarUI" */ = {
			isa = XCLocalSwiftPackageReference;
			relativePath = UI/SnackbarUI;
		};
		FADE000700000000000000B1 /* XCLocalSwiftPackageReference "UI/SheetUI" */ = {
			isa = XCLocalSwiftPackageReference;
			relativePath = UI/SheetUI;
		};
		FADE001000000000000000B1 /* XCLocalSwiftPackageReference "Component/Bag" */ = {
			isa = XCLocalSwiftPackageReference;
			relativePath = Component/Bag;
		};
		FADE001100000000000000B1 /* XCLocalSwiftPackageReference "UI/SharedUI" */ = {
			isa = XCLocalSwiftPackageReference;
			relativePath = UI/SharedUI;
		};
/* End XCLocalSwiftPackageReference section */

/* Begin XCSwiftPackageProductDependency section */
		06C2BFF1093558BB589FD94A /* SessionData */ = {
			isa = XCSwiftPackageProductDependency;
			package = 3D5E88E47E7DC20BEAD6BBC0 /* XCLocalSwiftPackageReference "Component/Session" */;
			productName = SessionData;
		};
		1418DDB82E3E542300191417 /* BagUIDI */ = {
			isa = XCSwiftPackageProductDependency;
			package = A16D1462DE358801E4D2BE98 /* XCLocalSwiftPackageReference "UI/BagUI" */;
			productName = BagUIDI;
		};
		1418DDBA2E3E542300191417 /* HomeUIDI */ = {
			isa = XCSwiftPackageProductDependency;
			package = D1D79B5F0EF3615CAADFABA0 /* XCLocalSwiftPackageReference "UI/HomeUI" */;
			productName = HomeUIDI;
		};
		1418DDBC2E3E542300191417 /* AuthUIDI */ = {
			isa = XCSwiftPackageProductDependency;
			package = 3964D0A04B77D53557C402E9 /* XCLocalSwiftPackageReference "UI/AuthUI" */;
			productName = AuthUIDI;
		};
		1418DDBE2E3E542300191417 /* SessionDI */ = {
			isa = XCSwiftPackageProductDependency;
			package = 3D5E88E47E7DC20BEAD6BBC0 /* XCLocalSwiftPackageReference "Component/Session" */;
			productName = SessionDI;
		};
		1418DDC02E3E542300191417 /* WishlistUIDI */ = {
			isa = XCSwiftPackageProductDependency;
			package = 3FD7B96A8B93ACD063C9157B /* XCLocalSwiftPackageReference "UI/WishlistUI" */;
			productName = WishlistUIDI;
		};
		17E6FCA71FC7E5B3FCF60C12 /* SearchData */ = {
			isa = XCSwiftPackageProductDependency;
			package = 8D80DA7DCD10C50973849D66 /* XCLocalSwiftPackageReference "Component/Search" */;
			productName = SearchData;
		};
		2C7A05B997C425E0F320291D /* ProductData */ = {
			isa = XCSwiftPackageProductDependency;
			package = 7361E6683DED41458D693D2E /* XCLocalSwiftPackageReference "Component/Product" */;
			productName = ProductData;
		};
		905C6EC5E3B21525CBD02EF9 /* Networking */ = {
			isa = XCSwiftPackageProductDependency;
			package = 0FAA662CC2D6046E9F887900 /* XCLocalSwiftPackageReference "Library/Networking" */;
			productName = Networking;
		};
		91547A9FAB7827290BA768A3 /* ProductDI */ = {
			isa = XCSwiftPackageProductDependency;
			package = 7361E6683DED41458D693D2E /* XCLocalSwiftPackageReference "Component/Product" */;
			productName = ProductDI;
		};
		9A079E2873908107AF3834BC /* SearchUIDI */ = {
			isa = XCSwiftPackageProductDependency;
			package = AE4238F360E27CEF2C732155 /* XCLocalSwiftPackageReference "UI/SearchUI" */;
			productName = SearchUIDI;
		};
		EDD9F67AA3E61BAD6139E5A7 /* AccountUIDI */ = {
			isa = XCSwiftPackageProductDependency;
			package = A4BEB5340B5948D49132C5A1 /* XCLocalSwiftPackageReference "UI/AccountUI" */;
			productName = AccountUIDI;
		};
		F120951C767491840AE8B42D /* SearchDI */ = {
			isa = XCSwiftPackageProductDependency;
			package = 8D80DA7DCD10C50973849D66 /* XCLocalSwiftPackageReference "Component/Search" */;
			productName = SearchDI;
		};
		FADE000200000000000000A2 /* OnboardingUIDI */ = {
			isa = XCSwiftPackageProductDependency;
			package = FADE000200000000000000B1 /* XCLocalSwiftPackageReference "UI/OnboardingUI" */;
			productName = OnboardingUIDI;
		};
		FADE000300000000000000A2 /* ProductUIDI */ = {
			isa = XCSwiftPackageProductDependency;
			package = FADE000300000000000000B1 /* XCLocalSwiftPackageReference "UI/ProductUI" */;
			productName = ProductUIDI;
		};
		FADE000400000000000000A2 /* WishlistDI */ = {
			isa = XCSwiftPackageProductDependency;
			package = FADE000400000000000000B1 /* XCLocalSwiftPackageReference "Component/Wishlist" */;
			productName = WishlistDI;
		};
		FADE000500000000000000A2 /* AuthUI */ = {
			isa = XCSwiftPackageProductDependency;
			package = 3964D0A04B77D53557C402E9 /* XCLocalSwiftPackageReference "UI/AuthUI" */;
			productName = AuthUI;
		};
		FADE000600000000000000A2 /* SnackbarUIDI */ = {
			isa = XCSwiftPackageProductDependency;
			package = FADE000600000000000000B1 /* XCLocalSwiftPackageReference "UI/SnackbarUI" */;
			productName = SnackbarUIDI;
		};
		FADE000700000000000000A2 /* SheetUIDI */ = {
			isa = XCSwiftPackageProductDependency;
			package = FADE000700000000000000B1 /* XCLocalSwiftPackageReference "UI/SheetUI" */;
			productName = SheetUIDI;
		};
		FADE000800000000000000A2 /* SnackbarUI */ = {
			isa = XCSwiftPackageProductDependency;
			package = FADE000600000000000000B1 /* XCLocalSwiftPackageReference "UI/SnackbarUI" */;
			productName = SnackbarUI;
		};
		FADE000900000000000000A2 /* SheetUI */ = {
			isa = XCSwiftPackageProductDependency;
			package = FADE000700000000000000B1 /* XCLocalSwiftPackageReference "UI/SheetUI" */;
			productName = SheetUI;
		};
		FADE001000000000000000A2 /* BagDI */ = {
			isa = XCSwiftPackageProductDependency;
			package = FADE001000000000000000B1 /* XCLocalSwiftPackageReference "Component/Bag" */;
			productName = BagDI;
		};
		FADE001100000000000000A2 /* SharedUIDI */ = {
			isa = XCSwiftPackageProductDependency;
			package = FADE001100000000000000B1 /* XCLocalSwiftPackageReference "UI/SharedUI" */;
			productName = SharedUIDI;
		};
/* End XCSwiftPackageProductDependency section */
	};
	rootObject = 1485C9A02E29746D0006933B /* Project object */;
}
