<?xml version="1.0" encoding="UTF-8"?>
<Scheme
   LastUpgradeVersion = "2620"
   version = "1.7">
   <BuildAction
      parallelizeBuildables = "YES"
      buildImplicitDependencies = "YES"
      buildArchitectures = "Automatic">
      <BuildActionEntries>
         <BuildActionEntry
            buildForTesting = "YES"
            buildForRunning = "YES"
            buildForProfiling = "YES"
            buildForArchiving = "YES"
            buildForAnalyzing = "YES">
            <BuildableReference
               BuildableIdentifier = "primary"
               BlueprintIdentifier = "1418DD6D2E3E53DC00191417"
               BuildableName = "iPhone.app"
               BlueprintName = "iPhone"
               ReferencedContainer = "container:CleanArchitecture.xcodeproj">
            </BuildableReference>
         </BuildActionEntry>
      </BuildActionEntries>
   </BuildAction>
   <TestAction
      buildConfiguration = "Debug"
      selectedDebuggerIdentifier = "Xcode.DebuggerFoundation.Debugger.LLDB"
      selectedLauncherIdentifier = "Xcode.DebuggerFoundation.Launcher.LLDB"
      shouldUseLaunchSchemeArgsEnv = "YES">
      <TestPlans>
         <TestPlanReference
            reference = "container:TestPlans/AllTests.xctestplan"
            default = "YES">
         </TestPlanReference>
         <TestPlanReference
            reference = "container:TestPlans/UnitTests.xctestplan">
         </TestPlanReference>
         <TestPlanReference
            reference = "container:TestPlans/AcceptanceTests.xctestplan">
         </TestPlanReference>
         <TestPlanReference
            reference = "container:TestPlans/SnapshotTests.xctestplan">
         </TestPlanReference>
         <TestPlanReference
            reference = "container:Component/Bag/BagTests.xctestplan">
         </TestPlanReference>
         <TestPlanReference
            reference = "container:Component/Home/HomeTests.xctestplan">
         </TestPlanReference>
         <TestPlanReference
            reference = "container:Component/Money/MoneyTests.xctestplan">
         </TestPlanReference>
         <TestPlanReference
            reference = "container:Component/Order/OrderTests.xctestplan">
         </TestPlanReference>
         <TestPlanReference
            reference = "container:Component/Product/ProductTests.xctestplan">
         </TestPlanReference>
         <TestPlanReference
            reference = "container:Component/SearchHistory/SearchHistoryTests.xctestplan">
         </TestPlanReference>
         <TestPlanReference
            reference = "container:Component/Session/SessionTests.xctestplan">
         </TestPlanReference>
         <TestPlanReference
            reference = "container:Component/Settings/SettingsTests.xctestplan">
         </TestPlanReference>
         <TestPlanReference
            reference = "container:Component/StockAlert/StockAlertTests.xctestplan">
         </TestPlanReference>
         <TestPlanReference
            reference = "container:Component/Wishlist/WishlistTests.xctestplan">
         </TestPlanReference>
         <TestPlanReference
            reference = "container:UI/AccountUI/AccountUITests.xctestplan">
         </TestPlanReference>
         <TestPlanReference
            reference = "container:UI/AuthUI/AuthUITests.xctestplan">
         </TestPlanReference>
         <TestPlanReference
            reference = "container:UI/BagUI/BagUITests.xctestplan">
         </TestPlanReference>
         <TestPlanReference
            reference = "container:UI/HomeUI/HomeUITests.xctestplan">
         </TestPlanReference>
         <TestPlanReference
            reference = "container:UI/OnboardingUI/OnboardingUITests.xctestplan">
         </TestPlanReference>
         <TestPlanReference
            reference = "container:UI/OrderUI/OrderUITests.xctestplan">
         </TestPlanReference>
         <TestPlanReference
            reference = "container:UI/ProductActionsUI/ProductActionsUITests.xctestplan">
         </TestPlanReference>
         <TestPlanReference
            reference = "container:UI/ProductUI/ProductUITests.xctestplan">
         </TestPlanReference>
         <TestPlanReference
            reference = "container:UI/SearchUI/SearchUITests.xctestplan">
         </TestPlanReference>
         <TestPlanReference
            reference = "container:UI/SettingsUI/SettingsUITests.xctestplan">
         </TestPlanReference>
         <TestPlanReference
            reference = "container:UI/SnackbarUI/SnackbarUITests.xctestplan">
         </TestPlanReference>
         <TestPlanReference
            reference = "container:UI/WishlistUI/WishlistUITests.xctestplan">
         </TestPlanReference>
      </TestPlans>
   </TestAction>
   <LaunchAction
      buildConfiguration = "Debug"
      selectedDebuggerIdentifier = ""
      selectedLauncherIdentifier = "Xcode.IDEFoundation.Launcher.PosixSpawn"
      launchStyle = "0"
      useCustomWorkingDirectory = "NO"
      ignoresPersistentStateOnLaunch = "NO"
      debugDocumentVersioning = "YES"
      debugServiceExtension = "internal"
      allowLocationSimulation = "YES">
      <BuildableProductRunnable
         runnableDebuggingMode = "0">
         <BuildableReference
            BuildableIdentifier = "primary"
            BlueprintIdentifier = "1418DD6D2E3E53DC00191417"
            BuildableName = "iPhone.app"
            BlueprintName = "iPhone"
            ReferencedContainer = "container:CleanArchitecture.xcodeproj">
         </BuildableReference>
      </BuildableProductRunnable>
   </LaunchAction>
   <ProfileAction
      buildConfiguration = "Release"
      shouldUseLaunchSchemeArgsEnv = "YES"
      savedToolIdentifier = ""
      useCustomWorkingDirectory = "NO"
      debugDocumentVersioning = "YES">
      <BuildableProductRunnable
         runnableDebuggingMode = "0">
         <BuildableReference
            BuildableIdentifier = "primary"
            BlueprintIdentifier = "1418DD6D2E3E53DC00191417"
            BuildableName = "iPhone.app"
            BlueprintName = "iPhone"
            ReferencedContainer = "container:CleanArchitecture.xcodeproj">
         </BuildableReference>
      </BuildableProductRunnable>
   </ProfileAction>
   <AnalyzeAction
      buildConfiguration = "Debug">
   </AnalyzeAction>
   <ArchiveAction
      buildConfiguration = "Release"
      revealArchiveInOrganizer = "YES">
   </ArchiveAction>
</Scheme>
